
Microsoft Visual Studio Solution File, Format Version 12.00
# Visual Studio Version 16
VisualStudioVersion = 16.0.30611.23
MinimumVisualStudioVersion = 10.0.40219.1
Project("{9A19103F-16F7-4668-BE54-9A1E7A4F7556}") = "CursoMV", "CursoMV\CursoMV.csproj", "{324A2206-3427-4181-8377-C5290F14562E}"
EndProject
Project("{FAE04EC0-301F-11D3-BF4B-00C04F79EFBC}") = "CursoAPI", "CursoAPI\CursoAPI.csproj", "{FFD25437-4198-47F0-AEB8-EDA39DB46CE5}"
EndProject
Global
	GlobalSection(SolutionConfigurationPlatforms) = preSolution
		Debug|Any CPU = Debug|Any CPU
		Release|Any CPU = Release|Any CPU
	EndGlobalSection
	GlobalSection(ProjectConfigurationPlatforms) = postSolution
		{324A2206-3427-4181-8377-C5290F14562E}.Debug|Any CPU.ActiveCfg = Debug|Any CPU
		{324A2206-3427-4181-8377-C5290F14562E}.Debug|Any CPU.Build.0 = Debug|Any CPU
		{324A2206-3427-4181-8377-C5290F14562E}.Release|Any CPU.ActiveCfg = Release|Any CPU
		{324A2206-3427-4181-8377-C5290F14562E}.Release|Any CPU.Build.0 = Release|Any CPU
		{FFD25437-4198-47F0-AEB8-EDA39DB46CE5}.Debug|Any CPU.ActiveCfg = Debug|Any CPU
		{FFD25437-4198-47F0-AEB8-EDA39DB46CE5}.Debug|Any CPU.Build.0 = Debug|Any CPU
		{FFD25437-4198-47F0-AEB8-EDA39DB46CE5}.Release|Any CPU.ActiveCfg = Release|Any CPU
		{FFD25437-4198-47F0-AEB8-EDA39DB46CE5}.Release|Any CPU.Build.0 = Release|Any CPU
	EndGlobalSection
	GlobalSection(SolutionProperties) = preSolution
		HideSolutionNode = FALSE
	EndGlobalSection
	GlobalSection(ExtensibilityGlobals) = postSolution
		SolutionGuid = {98B61272-DBC4-4D2E-A032-531F382CC53A}
	EndGlobalSection
EndGlobal
